
Microsoft Visual Studio Solution File, Format Version 12.00
# Visual Studio Version 17
VisualStudioVersion = 17.0.31903.59
MinimumVisualStudioVersion = 10.0.40219.1
Project("{9A19103F-16F7-4668-BE54-9A1E7A4F7556}") = "TestPlatformClient", "TestPlatform\TestPlatformClient.csproj", "{E9D3C92D-0B8E-45DE-8AAD-0E21EF2AE21A}"
	ProjectSection(ProjectDependencies) = postProject
		{ED4DA429-DDB5-4BE1-995A-9B173E18006D} = {ED4DA429-DDB5-4BE1-995A-9B173E18006D}
	EndProjectSection
EndProject
Project("{9A19103F-16F7-4668-BE54-9A1E7A4F7556}") = "Engine", "Engine\Engine.csproj", "{ED4DA429-DDB5-4BE1-995A-9B173E18006D}"
EndProject
Project("{9A19103F-16F7-4668-BE54-9A1E7A4F7556}") = "GLFW", "GLFW\GLFW.csproj", "{314929F6-AAF6-4505-9EE7-AF1BE246E716}"
EndProject
Project("{9A19103F-16F7-4668-BE54-9A1E7A4F7556}") = "VulkanBinding", "VulkanBinding\VulkanBinding.csproj", "{E995A2DF-5D47-4F28-B2ED-860EE9B427E5}"
EndProject
Project("{9A19103F-16F7-4668-BE54-9A1E7A4F7556}") = "GlfwBinding", "GlfwBinding\GlfwBinding.csproj", "{CC28130B-775E-4E7F-BD52-666337D215D1}"
EndProject
Project("{9A19103F-16F7-4668-BE54-9A1E7A4F7556}") = "StandardPackage", "StandardPackage\StandardPackage.csproj", "{C2BC9B20-C8CB-4E29-9B5E-5B2312802E52}"
EndProject
Project("{FAE04EC0-301F-11D3-BF4B-00C04F79EFBC}") = "WFC", "WFC\WFC.csproj", "{BB799635-793F-4F3A-BDD0-1348997CA447}"
EndProject
Project("{9A19103F-16F7-4668-BE54-9A1E7A4F7556}") = "EngineLogging", "EngineLogging\EngineLogging.csproj", "{C4E78E70-6E27-40D4-9322-C4387C32E920}"
EndProject
Project("{9A19103F-16F7-4668-BE54-9A1E7A4F7556}") = "EngineTests", "EngineTests\EngineTests.csproj", "{EF132948-C8D2-476D-9F00-A32D8AB90E82}"
EndProject
Project("{FAE04EC0-301F-11D3-BF4B-00C04F79EFBC}") = "TestPlatformServer", "ServerTest\TestPlatformServer.csproj", "{1E101E84-997C-457D-AC36-1261E4867E9C}"
EndProject
Project("{FAE04EC0-301F-11D3-BF4B-00C04F79EFBC}") = "TestPlatformBase", "TestPlatformBase\TestPlatformBase.csproj", "{2F95DE46-3227-48E8-836B-7A5D3BB6D8AB}"
EndProject
Global
	GlobalSection(SolutionConfigurationPlatforms) = preSolution
		Debug|Any CPU = Debug|Any CPU
		Release|Any CPU = Release|Any CPU
	EndGlobalSection
	GlobalSection(ProjectConfigurationPlatforms) = postSolution
		{E9D3C92D-0B8E-45DE-8AAD-0E21EF2AE21A}.Debug|Any CPU.ActiveCfg = Debug|Any CPU
		{E9D3C92D-0B8E-45DE-8AAD-0E21EF2AE21A}.Debug|Any CPU.Build.0 = Debug|Any CPU
		{E9D3C92D-0B8E-45DE-8AAD-0E21EF2AE21A}.Release|Any CPU.ActiveCfg = Release|Any CPU
		{E9D3C92D-0B8E-45DE-8AAD-0E21EF2AE21A}.Release|Any CPU.Build.0 = Release|Any CPU
		{ED4DA429-DDB5-4BE1-995A-9B173E18006D}.Debug|Any CPU.ActiveCfg = Debug|Any CPU
		{ED4DA429-DDB5-4BE1-995A-9B173E18006D}.Debug|Any CPU.Build.0 = Debug|Any CPU
		{ED4DA429-DDB5-4BE1-995A-9B173E18006D}.Release|Any CPU.ActiveCfg = Release|Any CPU
		{ED4DA429-DDB5-4BE1-995A-9B173E18006D}.Release|Any CPU.Build.0 = Release|Any CPU
		{314929F6-AAF6-4505-9EE7-AF1BE246E716}.Debug|Any CPU.ActiveCfg = Debug|Any CPU
		{314929F6-AAF6-4505-9EE7-AF1BE246E716}.Debug|Any CPU.Build.0 = Debug|Any CPU
		{314929F6-AAF6-4505-9EE7-AF1BE246E716}.Release|Any CPU.ActiveCfg = Release|Any CPU
		{314929F6-AAF6-4505-9EE7-AF1BE246E716}.Release|Any CPU.Build.0 = Release|Any CPU
		{E995A2DF-5D47-4F28-B2ED-860EE9B427E5}.Debug|Any CPU.ActiveCfg = Debug|Any CPU
		{E995A2DF-5D47-4F28-B2ED-860EE9B427E5}.Debug|Any CPU.Build.0 = Debug|Any CPU
		{E995A2DF-5D47-4F28-B2ED-860EE9B427E5}.Release|Any CPU.ActiveCfg = Release|Any CPU
		{E995A2DF-5D47-4F28-B2ED-860EE9B427E5}.Release|Any CPU.Build.0 = Release|Any CPU
		{CC28130B-775E-4E7F-BD52-666337D215D1}.Debug|Any CPU.ActiveCfg = Debug|Any CPU
		{CC28130B-775E-4E7F-BD52-666337D215D1}.Debug|Any CPU.Build.0 = Debug|Any CPU
		{CC28130B-775E-4E7F-BD52-666337D215D1}.Release|Any CPU.ActiveCfg = Release|Any CPU
		{CC28130B-775E-4E7F-BD52-666337D215D1}.Release|Any CPU.Build.0 = Release|Any CPU
		{C2BC9B20-C8CB-4E29-9B5E-5B2312802E52}.Debug|Any CPU.ActiveCfg = Debug|Any CPU
		{C2BC9B20-C8CB-4E29-9B5E-5B2312802E52}.Debug|Any CPU.Build.0 = Debug|Any CPU
		{C2BC9B20-C8CB-4E29-9B5E-5B2312802E52}.Release|Any CPU.ActiveCfg = Release|Any CPU
		{C2BC9B20-C8CB-4E29-9B5E-5B2312802E52}.Release|Any CPU.Build.0 = Release|Any CPU
		{BB799635-793F-4F3A-BDD0-1348997CA447}.Debug|Any CPU.ActiveCfg = Debug|Any CPU
		{BB799635-793F-4F3A-BDD0-1348997CA447}.Debug|Any CPU.Build.0 = Debug|Any CPU
		{BB799635-793F-4F3A-BDD0-1348997CA447}.Release|Any CPU.ActiveCfg = Release|Any CPU
		{BB799635-793F-4F3A-BDD0-1348997CA447}.Release|Any CPU.Build.0 = Release|Any CPU
		{C4E78E70-6E27-40D4-9322-C4387C32E920}.Debug|Any CPU.ActiveCfg = Debug|Any CPU
		{C4E78E70-6E27-40D4-9322-C4387C32E920}.Debug|Any CPU.Build.0 = Debug|Any CPU
		{C4E78E70-6E27-40D4-9322-C4387C32E920}.Release|Any CPU.ActiveCfg = Release|Any CPU
		{C4E78E70-6E27-40D4-9322-C4387C32E920}.Release|Any CPU.Build.0 = Release|Any CPU
		{EF132948-C8D2-476D-9F00-A32D8AB90E82}.Debug|Any CPU.ActiveCfg = Debug|Any CPU
		{EF132948-C8D2-476D-9F00-A32D8AB90E82}.Debug|Any CPU.Build.0 = Debug|Any CPU
		{EF132948-C8D2-476D-9F00-A32D8AB90E82}.Release|Any CPU.ActiveCfg = Release|Any CPU
		{EF132948-C8D2-476D-9F00-A32D8AB90E82}.Release|Any CPU.Build.0 = Release|Any CPU
		{1E101E84-997C-457D-AC36-1261E4867E9C}.Debug|Any CPU.ActiveCfg = Debug|Any CPU
		{1E101E84-997C-457D-AC36-1261E4867E9C}.Debug|Any CPU.Build.0 = Debug|Any CPU
		{1E101E84-997C-457D-AC36-1261E4867E9C}.Release|Any CPU.ActiveCfg = Release|Any CPU
		{1E101E84-997C-457D-AC36-1261E4867E9C}.Release|Any CPU.Build.0 = Release|Any CPU
		{2F95DE46-3227-48E8-836B-7A5D3BB6D8AB}.Debug|Any CPU.ActiveCfg = Debug|Any CPU
		{2F95DE46-3227-48E8-836B-7A5D3BB6D8AB}.Debug|Any CPU.Build.0 = Debug|Any CPU
		{2F95DE46-3227-48E8-836B-7A5D3BB6D8AB}.Release|Any CPU.ActiveCfg = Release|Any CPU
		{2F95DE46-3227-48E8-836B-7A5D3BB6D8AB}.Release|Any CPU.Build.0 = Release|Any CPU
	EndGlobalSection
	GlobalSection(SolutionProperties) = preSolution
		HideSolutionNode = FALSE
	EndGlobalSection
	GlobalSection(ExtensibilityGlobals) = postSolution
		SolutionGuid = {70883D94-F674-4AEC-AB75-6CF96FFDAAAC}
	EndGlobalSection
EndGlobal
