
Microsoft Visual Studio Solution File, Format Version 12.00
# Visual Studio Version 17
VisualStudioVersion = 17.8.34309.116
MinimumVisualStudioVersion = 10.0.40219.1
Project("{9A19103F-16F7-4668-BE54-9A1E7A4F7556}") = "Engine", "Engine\Engine.csproj", "{3FA04CE4-AD84-486B-9BDA-6461A8EF6114}"
EndProject
Project("{9A19103F-16F7-4668-BE54-9A1E7A4F7556}") = "Engine.Physics", "Engine.Physics\Engine.Physics.csproj", "{9902CC2F-BE6E-4C50-94CD-85420A455513}"
EndProject
Project("{9A19103F-16F7-4668-BE54-9A1E7A4F7556}") = "Engine.Module.Networking", "Engine.Module.Networking\Engine.Module.Networking.csproj", "{DE9C9B91-F480-4DD9-84CB-9AE71D1D7518}"
EndProject
Project("{9A19103F-16F7-4668-BE54-9A1E7A4F7556}") = "Engine.Module.Render", "Engine.Module.Render\Engine.Module.Render.csproj", "{6DFD717B-2E4D-466A-A9C7-3EAF124A0018}"
EndProject
Project("{9A19103F-16F7-4668-BE54-9A1E7A4F7556}") = "Engine.Module.Entities", "Engine.Module.Entities\Engine.Module.Entities.csproj", "{F2F4961E-78EB-42F4-8485-D338409250DE}"
EndProject
Project("{9A19103F-16F7-4668-BE54-9A1E7A4F7556}") = "Engine.Tests", "Engine.Tests\Engine.Tests.csproj", "{81574EA3-6CE2-4DA3-9915-E34321829A4C}"
EndProject
Project("{9A19103F-16F7-4668-BE54-9A1E7A4F7556}") = "Engine.Benchmarks", "Engine.Benchmarks\Engine.Benchmarks.csproj", "{6A0CACB4-2E50-4635-B54C-CB4430CD6A3A}"
EndProject
Project("{2150E333-8FDC-42A3-9474-1A3956D46DE8}") = "Solution Items", "Solution Items", "{71457717-D1DA-4E2B-85C5-CE435D29665F}"
	ProjectSection(SolutionItems) = preProject
		.editorconfig = .editorconfig
	EndProjectSection
EndProject
Project("{9A19103F-16F7-4668-BE54-9A1E7A4F7556}") = "Engine.Module.Entities.Test", "Engine.Module.Entities.Test\Engine.Module.Entities.Test.csproj", "{2B731F51-2705-4789-8153-5239317FDD4C}"
EndProject
Project("{9A19103F-16F7-4668-BE54-9A1E7A4F7556}") = "Engine.Module.Entities.Benchmarks", "Engine.Module.Entities.Benchmarks\Engine.Module.Entities.Benchmarks.csproj", "{27E390AB-5035-4475-8DC8-01F599C53519}"
EndProject
Project("{9A19103F-16F7-4668-BE54-9A1E7A4F7556}") = "Engine.Standard", "Engine.Standard\Engine.Standard.csproj", "{7FB4B895-11EB-491D-90A6-19CB9084E01E}"
EndProject
Project("{9A19103F-16F7-4668-BE54-9A1E7A4F7556}") = "Engine.Math", "Engine.Math\Engine.Math.csproj", "{7E7E960B-EB49-43B0-A22D-2D735DA43701}"
EndProject
Project("{9A19103F-16F7-4668-BE54-9A1E7A4F7556}") = "Engine.Math.Tests", "Engine.Math.Tests\Engine.Math.Tests.csproj", "{67A82154-2591-4E24-9A3E-EBCE9DEF26B1}"
EndProject
Project("{9A19103F-16F7-4668-BE54-9A1E7A4F7556}") = "Engine.Logging", "Engine.Logging\Engine.Logging.csproj", "{4E36772D-9F10-4FA6-9033-A685B8C7D9EE}"
EndProject
Project("{9A19103F-16F7-4668-BE54-9A1E7A4F7556}") = "Sandbox", "Sandbox\Sandbox.csproj", "{81096A76-0E59-49FB-BC48-ED58DECC9A0C}"
EndProject
Project("{FAE04EC0-301F-11D3-BF4B-00C04F79EFBC}") = "Engine.Module.Render.Entities", "Engine.Module.Entities.Render\Engine.Module.Render.Entities.csproj", "{C15A3458-A4EC-46BE-BEC2-EB788961BFF5}"
EndProject
Project("{FAE04EC0-301F-11D3-BF4B-00C04F79EFBC}") = "Engine.Module.Entities.Render.Tests", "Engine.Module.Entities.Render.Tests\Engine.Module.Entities.Render.Tests.csproj", "{F9F51B60-FE06-4E6F-8362-10B727D1E3C6}"
EndProject
Project("{FAE04EC0-301F-11D3-BF4B-00C04F79EFBC}") = "Engine.Module.Render.OpenGL", "Engine.Module.Render.OpenGL\Engine.Module.Render.OpenGL.csproj", "{1F28ECA2-7DFC-4A5E-83BA-B30EC265C08A}"
EndProject
Project("{FAE04EC0-301F-11D3-BF4B-00C04F79EFBC}") = "Engine.Module.Render.Domain", "Engine.Module.Render.Domain\Engine.Module.Render.Domain.csproj", "{EE6D2ADB-742A-42FD-A428-4E599A62E6B4}"
EndProject
Global
	GlobalSection(SolutionConfigurationPlatforms) = preSolution
		Debug|Any CPU = Debug|Any CPU
		Release|Any CPU = Release|Any CPU
	EndGlobalSection
	GlobalSection(ProjectConfigurationPlatforms) = postSolution
		{3FA04CE4-AD84-486B-9BDA-6461A8EF6114}.Debug|Any CPU.ActiveCfg = Debug|Any CPU
		{3FA04CE4-AD84-486B-9BDA-6461A8EF6114}.Debug|Any CPU.Build.0 = Debug|Any CPU
		{3FA04CE4-AD84-486B-9BDA-6461A8EF6114}.Release|Any CPU.ActiveCfg = Release|Any CPU
		{3FA04CE4-AD84-486B-9BDA-6461A8EF6114}.Release|Any CPU.Build.0 = Release|Any CPU
		{9902CC2F-BE6E-4C50-94CD-85420A455513}.Debug|Any CPU.ActiveCfg = Debug|Any CPU
		{9902CC2F-BE6E-4C50-94CD-85420A455513}.Debug|Any CPU.Build.0 = Debug|Any CPU
		{9902CC2F-BE6E-4C50-94CD-85420A455513}.Release|Any CPU.ActiveCfg = Release|Any CPU
		{9902CC2F-BE6E-4C50-94CD-85420A455513}.Release|Any CPU.Build.0 = Release|Any CPU
		{DE9C9B91-F480-4DD9-84CB-9AE71D1D7518}.Debug|Any CPU.ActiveCfg = Debug|Any CPU
		{DE9C9B91-F480-4DD9-84CB-9AE71D1D7518}.Debug|Any CPU.Build.0 = Debug|Any CPU
		{DE9C9B91-F480-4DD9-84CB-9AE71D1D7518}.Release|Any CPU.ActiveCfg = Release|Any CPU
		{DE9C9B91-F480-4DD9-84CB-9AE71D1D7518}.Release|Any CPU.Build.0 = Release|Any CPU
		{6DFD717B-2E4D-466A-A9C7-3EAF124A0018}.Debug|Any CPU.ActiveCfg = Debug|Any CPU
		{6DFD717B-2E4D-466A-A9C7-3EAF124A0018}.Debug|Any CPU.Build.0 = Debug|Any CPU
		{6DFD717B-2E4D-466A-A9C7-3EAF124A0018}.Release|Any CPU.ActiveCfg = Release|Any CPU
		{6DFD717B-2E4D-466A-A9C7-3EAF124A0018}.Release|Any CPU.Build.0 = Release|Any CPU
		{F2F4961E-78EB-42F4-8485-D338409250DE}.Debug|Any CPU.ActiveCfg = Debug|Any CPU
		{F2F4961E-78EB-42F4-8485-D338409250DE}.Debug|Any CPU.Build.0 = Debug|Any CPU
		{F2F4961E-78EB-42F4-8485-D338409250DE}.Release|Any CPU.ActiveCfg = Release|Any CPU
		{F2F4961E-78EB-42F4-8485-D338409250DE}.Release|Any CPU.Build.0 = Release|Any CPU
		{81574EA3-6CE2-4DA3-9915-E34321829A4C}.Debug|Any CPU.ActiveCfg = Debug|Any CPU
		{81574EA3-6CE2-4DA3-9915-E34321829A4C}.Debug|Any CPU.Build.0 = Debug|Any CPU
		{81574EA3-6CE2-4DA3-9915-E34321829A4C}.Release|Any CPU.ActiveCfg = Release|Any CPU
		{81574EA3-6CE2-4DA3-9915-E34321829A4C}.Release|Any CPU.Build.0 = Release|Any CPU
		{6A0CACB4-2E50-4635-B54C-CB4430CD6A3A}.Debug|Any CPU.ActiveCfg = Debug|Any CPU
		{6A0CACB4-2E50-4635-B54C-CB4430CD6A3A}.Debug|Any CPU.Build.0 = Debug|Any CPU
		{6A0CACB4-2E50-4635-B54C-CB4430CD6A3A}.Release|Any CPU.ActiveCfg = Release|Any CPU
		{6A0CACB4-2E50-4635-B54C-CB4430CD6A3A}.Release|Any CPU.Build.0 = Release|Any CPU
		{2B731F51-2705-4789-8153-5239317FDD4C}.Debug|Any CPU.ActiveCfg = Debug|Any CPU
		{2B731F51-2705-4789-8153-5239317FDD4C}.Debug|Any CPU.Build.0 = Debug|Any CPU
		{2B731F51-2705-4789-8153-5239317FDD4C}.Release|Any CPU.ActiveCfg = Release|Any CPU
		{2B731F51-2705-4789-8153-5239317FDD4C}.Release|Any CPU.Build.0 = Release|Any CPU
		{27E390AB-5035-4475-8DC8-01F599C53519}.Debug|Any CPU.ActiveCfg = Debug|Any CPU
		{27E390AB-5035-4475-8DC8-01F599C53519}.Debug|Any CPU.Build.0 = Debug|Any CPU
		{27E390AB-5035-4475-8DC8-01F599C53519}.Release|Any CPU.ActiveCfg = Release|Any CPU
		{27E390AB-5035-4475-8DC8-01F599C53519}.Release|Any CPU.Build.0 = Release|Any CPU
		{7FB4B895-11EB-491D-90A6-19CB9084E01E}.Debug|Any CPU.ActiveCfg = Debug|Any CPU
		{7FB4B895-11EB-491D-90A6-19CB9084E01E}.Debug|Any CPU.Build.0 = Debug|Any CPU
		{7FB4B895-11EB-491D-90A6-19CB9084E01E}.Release|Any CPU.ActiveCfg = Release|Any CPU
		{7FB4B895-11EB-491D-90A6-19CB9084E01E}.Release|Any CPU.Build.0 = Release|Any CPU
		{7E7E960B-EB49-43B0-A22D-2D735DA43701}.Debug|Any CPU.ActiveCfg = Debug|Any CPU
		{7E7E960B-EB49-43B0-A22D-2D735DA43701}.Debug|Any CPU.Build.0 = Debug|Any CPU
		{7E7E960B-EB49-43B0-A22D-2D735DA43701}.Release|Any CPU.ActiveCfg = Release|Any CPU
		{7E7E960B-EB49-43B0-A22D-2D735DA43701}.Release|Any CPU.Build.0 = Release|Any CPU
		{67A82154-2591-4E24-9A3E-EBCE9DEF26B1}.Debug|Any CPU.ActiveCfg = Debug|Any CPU
		{67A82154-2591-4E24-9A3E-EBCE9DEF26B1}.Debug|Any CPU.Build.0 = Debug|Any CPU
		{67A82154-2591-4E24-9A3E-EBCE9DEF26B1}.Release|Any CPU.ActiveCfg = Release|Any CPU
		{67A82154-2591-4E24-9A3E-EBCE9DEF26B1}.Release|Any CPU.Build.0 = Release|Any CPU
		{4E36772D-9F10-4FA6-9033-A685B8C7D9EE}.Debug|Any CPU.ActiveCfg = Debug|Any CPU
		{4E36772D-9F10-4FA6-9033-A685B8C7D9EE}.Debug|Any CPU.Build.0 = Debug|Any CPU
		{4E36772D-9F10-4FA6-9033-A685B8C7D9EE}.Release|Any CPU.ActiveCfg = Release|Any CPU
		{4E36772D-9F10-4FA6-9033-A685B8C7D9EE}.Release|Any CPU.Build.0 = Release|Any CPU
		{81096A76-0E59-49FB-BC48-ED58DECC9A0C}.Debug|Any CPU.ActiveCfg = Debug|Any CPU
		{81096A76-0E59-49FB-BC48-ED58DECC9A0C}.Debug|Any CPU.Build.0 = Debug|Any CPU
		{81096A76-0E59-49FB-BC48-ED58DECC9A0C}.Release|Any CPU.ActiveCfg = Release|Any CPU
		{81096A76-0E59-49FB-BC48-ED58DECC9A0C}.Release|Any CPU.Build.0 = Release|Any CPU
		{C15A3458-A4EC-46BE-BEC2-EB788961BFF5}.Debug|Any CPU.ActiveCfg = Debug|Any CPU
		{C15A3458-A4EC-46BE-BEC2-EB788961BFF5}.Debug|Any CPU.Build.0 = Debug|Any CPU
		{C15A3458-A4EC-46BE-BEC2-EB788961BFF5}.Release|Any CPU.ActiveCfg = Release|Any CPU
		{C15A3458-A4EC-46BE-BEC2-EB788961BFF5}.Release|Any CPU.Build.0 = Release|Any CPU
		{F9F51B60-FE06-4E6F-8362-10B727D1E3C6}.Debug|Any CPU.ActiveCfg = Debug|Any CPU
		{F9F51B60-FE06-4E6F-8362-10B727D1E3C6}.Debug|Any CPU.Build.0 = Debug|Any CPU
		{F9F51B60-FE06-4E6F-8362-10B727D1E3C6}.Release|Any CPU.ActiveCfg = Release|Any CPU
		{F9F51B60-FE06-4E6F-8362-10B727D1E3C6}.Release|Any CPU.Build.0 = Release|Any CPU
		{1F28ECA2-7DFC-4A5E-83BA-B30EC265C08A}.Debug|Any CPU.ActiveCfg = Debug|Any CPU
		{1F28ECA2-7DFC-4A5E-83BA-B30EC265C08A}.Release|Any CPU.ActiveCfg = Release|Any CPU
		{1F28ECA2-7DFC-4A5E-83BA-B30EC265C08A}.Release|Any CPU.Build.0 = Release|Any CPU
		{EE6D2ADB-742A-42FD-A428-4E599A62E6B4}.Debug|Any CPU.ActiveCfg = Debug|Any CPU
		{EE6D2ADB-742A-42FD-A428-4E599A62E6B4}.Debug|Any CPU.Build.0 = Debug|Any CPU
		{EE6D2ADB-742A-42FD-A428-4E599A62E6B4}.Release|Any CPU.ActiveCfg = Release|Any CPU
		{EE6D2ADB-742A-42FD-A428-4E599A62E6B4}.Release|Any CPU.Build.0 = Release|Any CPU
	EndGlobalSection
	GlobalSection(SolutionProperties) = preSolution
		HideSolutionNode = FALSE
	EndGlobalSection
	GlobalSection(ExtensibilityGlobals) = postSolution
		SolutionGuid = {7F7CB690-2DF7-4092-9EB7-ACE15A14E99E}
	EndGlobalSection
EndGlobal
