Microsoft Visual Studio Solution File, Format Version 12.00
# Visual Studio Version 17
VisualStudioVersion = 17.12.35506.116 d17.12
MinimumVisualStudioVersion = 10.0.40219.1
Project("{FAE04EC0-301F-11D3-BF4B-00C04F79EFBC}") = "Ticker.AppHost", "Ticker.AppHost\Ticker.AppHost.csproj", "{1E565DAD-C004-4FB8-B01C-47A1E978E1D4}"
EndProject
Project("{FAE04EC0-301F-11D3-BF4B-00C04F79EFBC}") = "Ticker.ServiceDefaults", "Ticker.ServiceDefaults\Ticker.ServiceDefaults.csproj", "{2C2DFEB7-84D6-42AE-B581-77EE47C379D0}"
EndProject
Project("{FAE04EC0-301F-11D3-BF4B-00C04F79EFBC}") = "Ticker.ApiService", "Ticker.ApiService\Ticker.ApiService.csproj", "{D657EE9F-4518-4CB1-862E-3CB0DC6E6356}"
EndProject
Project("{FAE04EC0-301F-11D3-BF4B-00C04F79EFBC}") = "Ticker.Web", "Ticker.Web\Ticker.Web.csproj", "{9F04CC16-6107-470C-91AE-3BAEBD573C39}"
EndProject
Global
	GlobalSection(SolutionConfigurationPlatforms) = preSolution
		Debug|Any CPU = Debug|Any CPU
		Release|Any CPU = Release|Any CPU
	EndGlobalSection
	GlobalSection(ProjectConfigurationPlatforms) = postSolution
		{1E565DAD-C004-4FB8-B01C-47A1E978E1D4}.Debug|Any CPU.ActiveCfg = Debug|Any CPU
		{1E565DAD-C004-4FB8-B01C-47A1E978E1D4}.Debug|Any CPU.Build.0 = Debug|Any CPU
		{1E565DAD-C004-4FB8-B01C-47A1E978E1D4}.Release|Any CPU.ActiveCfg = Release|Any CPU
		{1E565DAD-C004-4FB8-B01C-47A1E978E1D4}.Release|Any CPU.Build.0 = Release|Any CPU
		{2C2DFEB7-84D6-42AE-B581-77EE47C379D0}.Debug|Any CPU.ActiveCfg = Debug|Any CPU
		{2C2DFEB7-84D6-42AE-B581-77EE47C379D0}.Debug|Any CPU.Build.0 = Debug|Any CPU
		{2C2DFEB7-84D6-42AE-B581-77EE47C379D0}.Release|Any CPU.ActiveCfg = Release|Any CPU
		{2C2DFEB7-84D6-42AE-B581-77EE47C379D0}.Release|Any CPU.Build.0 = Release|Any CPU
		{D657EE9F-4518-4CB1-862E-3CB0DC6E6356}.Debug|Any CPU.ActiveCfg = Debug|Any CPU
		{D657EE9F-4518-4CB1-862E-3CB0DC6E6356}.Debug|Any CPU.Build.0 = Debug|Any CPU
		{D657EE9F-4518-4CB1-862E-3CB0DC6E6356}.Release|Any CPU.ActiveCfg = Release|Any CPU
		{D657EE9F-4518-4CB1-862E-3CB0DC6E6356}.Release|Any CPU.Build.0 = Release|Any CPU
		{9F04CC16-6107-470C-91AE-3BAEBD573C39}.Debug|Any CPU.ActiveCfg = Debug|Any CPU
		{9F04CC16-6107-470C-91AE-3BAEBD573C39}.Debug|Any CPU.Build.0 = Debug|Any CPU
		{9F04CC16-6107-470C-91AE-3BAEBD573C39}.Release|Any CPU.ActiveCfg = Release|Any CPU
		{9F04CC16-6107-470C-91AE-3BAEBD573C39}.Release|Any CPU.Build.0 = Release|Any CPU
	EndGlobalSection
	GlobalSection(SolutionProperties) = preSolution
		HideSolutionNode = FALSE
	EndGlobalSection
EndGlobal
