
Microsoft Visual Studio Solution File, Format Version 12.00
# Visual Studio Version 17
VisualStudioVersion = 17.7.34031.279
MinimumVisualStudioVersion = 10.0.40219.1
Project("{FAE04EC0-301F-11D3-BF4B-00C04F79EFBC}") = "Game.SmallGames", "Game.SmallGames\Game.SmallGames.csproj", "{945CAA96-CA85-4BD6-BC62-A6E456CF3075}"
EndProject
Global
	GlobalSection(SolutionConfigurationPlatforms) = preSolution
		Debug|Any CPU = Debug|Any CPU
		Release|Any CPU = Release|Any CPU
	EndGlobalSection
	GlobalSection(ProjectConfigurationPlatforms) = postSolution
		{945CAA96-CA85-4BD6-BC62-A6E456CF3075}.Debug|Any CPU.ActiveCfg = Debug|Any CPU
		{945CAA96-CA85-4BD6-BC62-A6E456CF3075}.Debug|Any CPU.Build.0 = Debug|Any CPU
		{945CAA96-CA85-4BD6-BC62-A6E456CF3075}.Release|Any CPU.ActiveCfg = Release|Any CPU
		{945CAA96-CA85-4BD6-BC62-A6E456CF3075}.Release|Any CPU.Build.0 = Release|Any CPU
	EndGlobalSection
	GlobalSection(SolutionProperties) = preSolution
		HideSolutionNode = FALSE
	EndGlobalSection
	GlobalSection(ExtensibilityGlobals) = postSolution
		SolutionGuid = {F96933D8-9610-4A26-806C-F941D81190E3}
	EndGlobalSection
EndGlobal
